{
  "name": "smarter-justice-exact-release-bootstrap",
  "version": "1.7.98",
  "lockfileVersion": 3,
  "requires": true,
  "packages": {
    "": {
      "name": "smarter-justice-exact-release-bootstrap",
      "version": "1.7.98",
      "hasInstallScript": true,
      "engines": {
        "node": "22.x"
      }
    }
  }
}
