{
  "name": "smarter-justice-pre96-render-bootstrap",
  "version": "2.0.0-pre96",
  "lockfileVersion": 3,
  "requires": true,
  "packages": {
    "": {
      "name": "smarter-justice-pre96-render-bootstrap",
      "version": "2.0.0-pre96",
      "hasInstallScript": true,
      "engines": {"node": "22.x"}
    }
  }
}
