{
  "name": "smarter-justice-v1",
  "version": "1.0.6",
  "lockfileVersion": 3,
  "requires": true,
  "packages": {
    "": {
      "name": "smarter-justice-v1",
      "version": "1.0.6",
      "engines": {
        "node": ">=20"
      },
      "description": "Smarter Justice v1.0.6 - website polish, conversion readiness, guided start flow, focused practice pages, and accessibility improvements.",
      "dependencies": {
        "nodemailer": "^6.9.16",
        "pg": "^8.13.1"
      }
    }
  }
}
